
Microsoft Visual Studio Solution File, Format Version 12.00
# Visual Studio Version 17
VisualStudioVersion = 17.13.35931.197 d17.13
MinimumVisualStudioVersion = 10.0.40219.1
Project("{FAE04EC0-301F-11D3-BF4B-00C04F79EFBC}") = "Battleship.Service.Base", "Battleship.Service.Base\Battleship.Service.Base.csproj", "{5D86DD2B-D9F7-4182-8EB8-943DA29B94B1}"
EndProject
Global
	GlobalSection(SolutionConfigurationPlatforms) = preSolution
		Debug|Any CPU = Debug|Any CPU
		Release|Any CPU = Release|Any CPU
	EndGlobalSection
	GlobalSection(ProjectConfigurationPlatforms) = postSolution
		{5D86DD2B-D9F7-4182-8EB8-943DA29B94B1}.Debug|Any CPU.ActiveCfg = Debug|Any CPU
		{5D86DD2B-D9F7-4182-8EB8-943DA29B94B1}.Debug|Any CPU.Build.0 = Debug|Any CPU
		{5D86DD2B-D9F7-4182-8EB8-943DA29B94B1}.Release|Any CPU.ActiveCfg = Release|Any CPU
		{5D86DD2B-D9F7-4182-8EB8-943DA29B94B1}.Release|Any CPU.Build.0 = Release|Any CPU
	EndGlobalSection
	GlobalSection(SolutionProperties) = preSolution
		HideSolutionNode = FALSE
	EndGlobalSection
	GlobalSection(ExtensibilityGlobals) = postSolution
		SolutionGuid = {1735D1BF-5960-4E49-AE79-6B283D1C8DB1}
	EndGlobalSection
EndGlobal
